
Microsoft Visual Studio Solution File, Format Version 12.00
# Visual Studio 15
Project("{FAE04EC0-301F-11D3-BF4B-00C04F79EFBC}") = "Assembly-CSharp", "Assembly-CSharp.csproj", "{DBB310AE-B37A-DB60-8B8F-E9B85570777A}"
EndProject
Project("{FAE04EC0-301F-11D3-BF4B-00C04F79EFBC}") = "Assembly-CSharp-Editor", "Assembly-CSharp-Editor.csproj", "{172FE9DF-357E-383F-13ED-E2468D3877AA}"
EndProject
Global
	GlobalSection(SolutionConfigurationPlatforms) = preSolution
		Debug|Any CPU = Debug|Any CPU
		Release|Any CPU = Release|Any CPU
	EndGlobalSection
	GlobalSection(ProjectConfigurationPlatforms) = postSolution
		{DBB310AE-B37A-DB60-8B8F-E9B85570777A}.Debug|Any CPU.ActiveCfg = Debug|Any CPU
		{DBB310AE-B37A-DB60-8B8F-E9B85570777A}.Debug|Any CPU.Build.0 = Debug|Any CPU
		{DBB310AE-B37A-DB60-8B8F-E9B85570777A}.Release|Any CPU.ActiveCfg = Release|Any CPU
		{DBB310AE-B37A-DB60-8B8F-E9B85570777A}.Release|Any CPU.Build.0 = Release|Any CPU
		{172FE9DF-357E-383F-13ED-E2468D3877AA}.Debug|Any CPU.ActiveCfg = Debug|Any CPU
		{172FE9DF-357E-383F-13ED-E2468D3877AA}.Debug|Any CPU.Build.0 = Debug|Any CPU
		{172FE9DF-357E-383F-13ED-E2468D3877AA}.Release|Any CPU.ActiveCfg = Release|Any CPU
		{172FE9DF-357E-383F-13ED-E2468D3877AA}.Release|Any CPU.Build.0 = Release|Any CPU
	EndGlobalSection
	GlobalSection(SolutionProperties) = preSolution
		HideSolutionNode = FALSE
	EndGlobalSection
EndGlobal
